
Microsoft Visual Studio Solution File, Format Version 12.00
# Visual Studio Version 16
VisualStudioVersion = 16.0.29123.88
MinimumVisualStudioVersion = 10.0.40219.1
Project("{FAE04EC0-301F-11D3-BF4B-00C04F79EFBC}") = "OrderSimplifier", "OrderSimplifier\OrderSimplifier.csproj", "{73B117B9-0A7F-4FD7-97CC-99C9A8795A36}"
EndProject
Global
	GlobalSection(SolutionConfigurationPlatforms) = preSolution
		Debug|Any CPU = Debug|Any CPU
		Release|Any CPU = Release|Any CPU
	EndGlobalSection
	GlobalSection(ProjectConfigurationPlatforms) = postSolution
		{73B117B9-0A7F-4FD7-97CC-99C9A8795A36}.Debug|Any CPU.ActiveCfg = Debug|Any CPU
		{73B117B9-0A7F-4FD7-97CC-99C9A8795A36}.Debug|Any CPU.Build.0 = Debug|Any CPU
		{73B117B9-0A7F-4FD7-97CC-99C9A8795A36}.Release|Any CPU.ActiveCfg = Release|Any CPU
		{73B117B9-0A7F-4FD7-97CC-99C9A8795A36}.Release|Any CPU.Build.0 = Release|Any CPU
	EndGlobalSection
	GlobalSection(SolutionProperties) = preSolution
		HideSolutionNode = FALSE
	EndGlobalSection
	GlobalSection(ExtensibilityGlobals) = postSolution
		SolutionGuid = {6B4ED377-0E78-4D02-862E-D57023670733}
	EndGlobalSection
EndGlobal
